{
  "name": "a80a913f4f8f2557",
  "lockfileVersion": 3,
  "requires": true,
  "packages": {
    "": {
      "dependencies": {
        "@playwright/mcp": "^0.0.69"
      }
    },
    "node_modules/@playwright/mcp": {
      "version": "0.0.69",
      "resolved": "https://registry.npmmirror.com/@playwright/mcp/-/mcp-0.0.69.tgz",
      "integrity": "sha512-B6bIj6edVad1u+lVALcMKXjXZBvHrXki0iP341AkOhglKKl+hCyg0ZGvlb7XGXp4JZaKKQNz2sTMv2hUuZHLCg==",
      "license": "Apache-2.0",
      "dependencies": {
        "playwright": "1.59.0-alpha-1774912654000",
        "playwright-core": "1.59.0-alpha-1774912654000"
      },
      "bin": {
        "playwright-mcp": "cli.js"
      },
      "engines": {
        "node": ">=18"
      }
    },
    "node_modules/fsevents": {
      "version": "2.3.2",
      "resolved": "https://registry.npmmirror.com/fsevents/-/fsevents-2.3.2.tgz",
      "integrity": "sha512-xiqMQR4xAeHTuB9uWm+fFRcIOgKBMiOBP+eXiyT7jsgVCq1bkVygt00oASowB7EdtpOHaaPgKt812P9ab+DDKA==",
      "hasInstallScript": true,
      "license": "MIT",
      "optional": true,
      "os": [
        "darwin"
      ],
      "engines": {
        "node": "^8.16.0 || ^10.6.0 || >=11.0.0"
      }
    },
    "node_modules/playwright": {
      "version": "1.59.0-alpha-1774912654000",
      "resolved": "https://registry.npmmirror.com/playwright/-/playwright-1.59.0-alpha-1774912654000.tgz",
      "integrity": "sha512-98v8NQ0ZaNTdOhwo24sq7Y79wuh+Q6TShG6DKgyQIUr4cBV5gDRIcRjTVZz5LhwYAwCOXCanvY5er47mowV8ww==",
      "license": "Apache-2.0",
      "dependencies": {
        "playwright-core": "1.59.0-alpha-1774912654000"
      },
      "bin": {
        "playwright": "cli.js"
      },
      "engines": {
        "node": ">=18"
      },
      "optionalDependencies": {
        "fsevents": "2.3.2"
      }
    },
    "node_modules/playwright-core": {
      "version": "1.59.0-alpha-1774912654000",
      "resolved": "https://registry.npmmirror.com/playwright-core/-/playwright-core-1.59.0-alpha-1774912654000.tgz",
      "integrity": "sha512-A4zBS+GASROUFrHTMeC0ySI1+f/Wjbm0OJIAUFu4q+0Si3tfLg742dGwq1AezmMBovINt6Fi7fOTjtGZCQQCEw==",
      "license": "Apache-2.0",
      "bin": {
        "playwright-core": "cli.js"
      },
      "engines": {
        "node": ">=18"
      }
    }
  }
}
